
Microsoft Visual Studio Solution File, Format Version 12.00
# Visual Studio Version 17
VisualStudioVersion = 17.10.35013.160
MinimumVisualStudioVersion = 10.0.40219.1
Project("{9A19103F-16F7-4668-BE54-9A1E7A4F7556}") = "LayoutModels", "LayoutModels\LayoutModels.csproj", "{5FB7CC4C-1363-4C5E-80EF-83FCF91DFF16}"
EndProject
Project("{FAE04EC0-301F-11D3-BF4B-00C04F79EFBC}") = "Communicator", "Communicator\Communicator.csproj", "{B9101279-98E1-433E-AB30-4B07D007CD4E}"
EndProject
Global
	GlobalSection(SolutionConfigurationPlatforms) = preSolution
		Debug|Any CPU = Debug|Any CPU
		Release|Any CPU = Release|Any CPU
	EndGlobalSection
	GlobalSection(ProjectConfigurationPlatforms) = postSolution
		{5FB7CC4C-1363-4C5E-80EF-83FCF91DFF16}.Debug|Any CPU.ActiveCfg = Debug|Any CPU
		{5FB7CC4C-1363-4C5E-80EF-83FCF91DFF16}.Debug|Any CPU.Build.0 = Debug|Any CPU
		{5FB7CC4C-1363-4C5E-80EF-83FCF91DFF16}.Release|Any CPU.ActiveCfg = Release|Any CPU
		{5FB7CC4C-1363-4C5E-80EF-83FCF91DFF16}.Release|Any CPU.Build.0 = Release|Any CPU
		{B9101279-98E1-433E-AB30-4B07D007CD4E}.Debug|Any CPU.ActiveCfg = Debug|Any CPU
		{B9101279-98E1-433E-AB30-4B07D007CD4E}.Debug|Any CPU.Build.0 = Debug|Any CPU
		{B9101279-98E1-433E-AB30-4B07D007CD4E}.Release|Any CPU.ActiveCfg = Release|Any CPU
		{B9101279-98E1-433E-AB30-4B07D007CD4E}.Release|Any CPU.Build.0 = Release|Any CPU
	EndGlobalSection
	GlobalSection(SolutionProperties) = preSolution
		HideSolutionNode = FALSE
	EndGlobalSection
	GlobalSection(ExtensibilityGlobals) = postSolution
		SolutionGuid = {A087A21D-C83F-4ADB-9F3E-323C5FDA1F05}
	EndGlobalSection
EndGlobal
